{
  "name": "defviewer",
  "version": "0.1.0",
  "lockfileVersion": 1,
  "requires": true,
  "dependencies": {
    "bootstrap": {
      "version": "3.3.7",
      "resolved": "https://registry.npmjs.org/bootstrap/-/bootstrap-3.3.7.tgz",
      "integrity": "sha1-WjiTlFSfIzMIdaOxUGVldPip63E="
    },
    "bootstrap-colorpicker": {
      "version": "2.3.6",
      "resolved": "https://registry.npmjs.org/bootstrap-colorpicker/-/bootstrap-colorpicker-2.3.6.tgz",
      "integrity": "sha1-gWCVw13XkZ3LTePwyAfxOxIejxc=",
      "requires": {
        "jquery": ">=1.10"
      }
    },
    "eve": {
      "version": "git://github.com/adobe-webplatform/eve.git#eef80ed8d188423c2272746fb8ae5cc8dad84cb1",
      "from": "git://github.com/adobe-webplatform/eve.git#eef80ed"
    },
    "jquery": {
      "version": "3.3.1",
      "resolved": "https://registry.npmjs.org/jquery/-/jquery-3.3.1.tgz",
      "integrity": "sha512-Ubldcmxp5np52/ENotGxlLe6aGMvmF4R8S6tZjsP6Knsaxd/xp3Zrh50cG93lR6nPXyUFwzN3ZSOQI0wRJNdGg=="
    },
    "jquery.panzoom": {
      "version": "3.2.2",
      "resolved": "https://registry.npmjs.org/jquery.panzoom/-/jquery.panzoom-3.2.2.tgz",
      "integrity": "sha1-tBlA9QeRlb5QQHO2d9jFSPR+zoo="
    },
    "raphael": {
      "version": "2.1.4",
      "resolved": "https://registry.npmjs.org/raphael/-/raphael-2.1.4.tgz",
      "integrity": "sha1-sJymZK0Ei4FLsv9dTR51g4yrnJc=",
      "requires": {
        "eve": "git://github.com/adobe-webplatform/eve.git#eef80ed8d188423c2272746fb8ae5cc8dad84cb1"
      }
    }
  }
}
